Microsoft Visual Studio Solution File, Format Version 12.00
# Visual Studio Version 17
VisualStudioVersion = 17.5.2.0
MinimumVisualStudioVersion = 10.0.40219.1
Project("{FAE04EC0-301F-11D3-BF4B-00C04F79EFBC}") = "JelliCAS", "JelliCAS.csproj", "{4D4E2ADC-8F7A-2823-5777-FFB215BD8785}"
EndProject
Global
	GlobalSection(SolutionConfigurationPlatforms) = preSolution
		Debug|Any CPU = Debug|Any CPU
		Release|Any CPU = Release|Any CPU
	EndGlobalSection
	GlobalSection(ProjectConfigurationPlatforms) = postSolution
		{4D4E2ADC-8F7A-2823-5777-FFB215BD8785}.Debug|Any CPU.ActiveCfg = Debug|Any CPU
		{4D4E2ADC-8F7A-2823-5777-FFB215BD8785}.Debug|Any CPU.Build.0 = Debug|Any CPU
		{4D4E2ADC-8F7A-2823-5777-FFB215BD8785}.Release|Any CPU.ActiveCfg = Release|Any CPU
		{4D4E2ADC-8F7A-2823-5777-FFB215BD8785}.Release|Any CPU.Build.0 = Release|Any CPU
	EndGlobalSection
	GlobalSection(SolutionProperties) = preSolution
		HideSolutionNode = FALSE
	EndGlobalSection
	GlobalSection(ExtensibilityGlobals) = postSolution
		SolutionGuid = {79F15530-7B69-47DC-9AAE-52A8778557F4}
	EndGlobalSection
EndGlobal
